
Microsoft Visual Studio Solution File, Format Version 12.00
# Visual Studio Version 16
VisualStudioVersion = 16.0.30523.141
MinimumVisualStudioVersion = 10.0.40219.1
Project("{8BC9CEB8-8B4A-11D0-8D11-00A0C91BC942}") = "AA1_2", "src\AA1_2\AA1_2.vcxproj", "{29D9D1D6-3AEF-455B-B000-0CB9EB33672D}"
EndProject
Project("{8BC9CEB8-8B4A-11D0-8D11-00A0C91BC942}") = "AA1_1_XML", "src\Project1\Project1.vcxproj", "{2D858DF3-D5B2-406F-B843-F608659B57D1}"
EndProject
Project("{8BC9CEB8-8B4A-11D0-8D11-00A0C91BC942}") = "AA1_03", "src\AA1_03\AA1_03.vcxproj", "{7DE4360D-DC37-494B-BDF9-7D436F7ED10A}"
EndProject
Project("{8BC9CEB8-8B4A-11D0-8D11-00A0C91BC942}") = "AA1_04", "src\AA1_04\AA1_04.vcxproj", "{C26E65D4-A42C-4613-8933-A962D95E3BFB}"
EndProject
Project("{8BC9CEB8-8B4A-11D0-8D11-00A0C91BC942}") = "AA1_05", "src\AA1_05\AA1_05.vcxproj", "{4255B39E-FE8E-4AA9-A506-8BFFF12FCD2D}"
EndProject
Project("{8BC9CEB8-8B4A-11D0-8D11-00A0C91BC942}") = "AA1_05_2", "src\AA1_05_2\AA1_05_2.vcxproj", "{FB7D78D3-CE22-458C-9AB7-E09279963AB3}"
EndProject
Global
	GlobalSection(SolutionConfigurationPlatforms) = preSolution
		Debug|x64 = Debug|x64
		Debug|x86 = Debug|x86
		Release|x64 = Release|x64
		Release|x86 = Release|x86
	EndGlobalSection
	GlobalSection(ProjectConfigurationPlatforms) = postSolution
		{29D9D1D6-3AEF-455B-B000-0CB9EB33672D}.Debug|x64.ActiveCfg = Debug|x64
		{29D9D1D6-3AEF-455B-B000-0CB9EB33672D}.Debug|x64.Build.0 = Debug|x64
		{29D9D1D6-3AEF-455B-B000-0CB9EB33672D}.Debug|x86.ActiveCfg = Debug|Win32
		{29D9D1D6-3AEF-455B-B000-0CB9EB33672D}.Debug|x86.Build.0 = Debug|Win32
		{29D9D1D6-3AEF-455B-B000-0CB9EB33672D}.Release|x64.ActiveCfg = Release|x64
		{29D9D1D6-3AEF-455B-B000-0CB9EB33672D}.Release|x64.Build.0 = Release|x64
		{29D9D1D6-3AEF-455B-B000-0CB9EB33672D}.Release|x86.ActiveCfg = Release|Win32
		{29D9D1D6-3AEF-455B-B000-0CB9EB33672D}.Release|x86.Build.0 = Release|Win32
		{2D858DF3-D5B2-406F-B843-F608659B57D1}.Debug|x64.ActiveCfg = Debug|x64
		{2D858DF3-D5B2-406F-B843-F608659B57D1}.Debug|x64.Build.0 = Debug|x64
		{2D858DF3-D5B2-406F-B843-F608659B57D1}.Debug|x86.ActiveCfg = Debug|Win32
		{2D858DF3-D5B2-406F-B843-F608659B57D1}.Debug|x86.Build.0 = Debug|Win32
		{2D858DF3-D5B2-406F-B843-F608659B57D1}.Release|x64.ActiveCfg = Release|x64
		{2D858DF3-D5B2-406F-B843-F608659B57D1}.Release|x64.Build.0 = Release|x64
		{2D858DF3-D5B2-406F-B843-F608659B57D1}.Release|x86.ActiveCfg = Release|Win32
		{2D858DF3-D5B2-406F-B843-F608659B57D1}.Release|x86.Build.0 = Release|Win32
		{7DE4360D-DC37-494B-BDF9-7D436F7ED10A}.Debug|x64.ActiveCfg = Debug|x64
		{7DE4360D-DC37-494B-BDF9-7D436F7ED10A}.Debug|x64.Build.0 = Debug|x64
		{7DE4360D-DC37-494B-BDF9-7D436F7ED10A}.Debug|x86.ActiveCfg = Debug|Win32
		{7DE4360D-DC37-494B-BDF9-7D436F7ED10A}.Debug|x86.Build.0 = Debug|Win32
		{7DE4360D-DC37-494B-BDF9-7D436F7ED10A}.Release|x64.ActiveCfg = Release|x64
		{7DE4360D-DC37-494B-BDF9-7D436F7ED10A}.Release|x64.Build.0 = Release|x64
		{7DE4360D-DC37-494B-BDF9-7D436F7ED10A}.Release|x86.ActiveCfg = Release|Win32
		{7DE4360D-DC37-494B-BDF9-7D436F7ED10A}.Release|x86.Build.0 = Release|Win32
		{C26E65D4-A42C-4613-8933-A962D95E3BFB}.Debug|x64.ActiveCfg = Debug|x64
		{C26E65D4-A42C-4613-8933-A962D95E3BFB}.Debug|x64.Build.0 = Debug|x64
		{C26E65D4-A42C-4613-8933-A962D95E3BFB}.Debug|x86.ActiveCfg = Debug|Win32
		{C26E65D4-A42C-4613-8933-A962D95E3BFB}.Debug|x86.Build.0 = Debug|Win32
		{C26E65D4-A42C-4613-8933-A962D95E3BFB}.Release|x64.ActiveCfg = Release|x64
		{C26E65D4-A42C-4613-8933-A962D95E3BFB}.Release|x64.Build.0 = Release|x64
		{C26E65D4-A42C-4613-8933-A962D95E3BFB}.Release|x86.ActiveCfg = Release|Win32
		{C26E65D4-A42C-4613-8933-A962D95E3BFB}.Release|x86.Build.0 = Release|Win32
		{4255B39E-FE8E-4AA9-A506-8BFFF12FCD2D}.Debug|x64.ActiveCfg = Debug|x64
		{4255B39E-FE8E-4AA9-A506-8BFFF12FCD2D}.Debug|x64.Build.0 = Debug|x64
		{4255B39E-FE8E-4AA9-A506-8BFFF12FCD2D}.Debug|x86.ActiveCfg = Debug|Win32
		{4255B39E-FE8E-4AA9-A506-8BFFF12FCD2D}.Debug|x86.Build.0 = Debug|Win32
		{4255B39E-FE8E-4AA9-A506-8BFFF12FCD2D}.Release|x64.ActiveCfg = Release|x64
		{4255B39E-FE8E-4AA9-A506-8BFFF12FCD2D}.Release|x64.Build.0 = Release|x64
		{4255B39E-FE8E-4AA9-A506-8BFFF12FCD2D}.Release|x86.ActiveCfg = Release|Win32
		{4255B39E-FE8E-4AA9-A506-8BFFF12FCD2D}.Release|x86.Build.0 = Release|Win32
		{FB7D78D3-CE22-458C-9AB7-E09279963AB3}.Debug|x64.ActiveCfg = Debug|x64
		{FB7D78D3-CE22-458C-9AB7-E09279963AB3}.Debug|x64.Build.0 = Debug|x64
		{FB7D78D3-CE22-458C-9AB7-E09279963AB3}.Debug|x86.ActiveCfg = Debug|Win32
		{FB7D78D3-CE22-458C-9AB7-E09279963AB3}.Debug|x86.Build.0 = Debug|Win32
		{FB7D78D3-CE22-458C-9AB7-E09279963AB3}.Release|x64.ActiveCfg = Release|x64
		{FB7D78D3-CE22-458C-9AB7-E09279963AB3}.Release|x64.Build.0 = Release|x64
		{FB7D78D3-CE22-458C-9AB7-E09279963AB3}.Release|x86.ActiveCfg = Release|Win32
		{FB7D78D3-CE22-458C-9AB7-E09279963AB3}.Release|x86.Build.0 = Release|Win32
	EndGlobalSection
	GlobalSection(SolutionProperties) = preSolution
		HideSolutionNode = FALSE
	EndGlobalSection
	GlobalSection(ExtensibilityGlobals) = postSolution
		SolutionGuid = {5D85BC79-1A57-4D4B-9C91-E6E417F109F6}
	EndGlobalSection
EndGlobal
